// !$*UTF8*$!
{
	archiveVersion = 1;
	classes = {
	};
	objectVersion = 55;
	objects = {

/* Begin PBXBuildFile section */
		7ABDEE82282D498F006E242B /* SommeApp.swift in Sources */ = {isa = PBXBuildFile; fileRef = 7ABDEE81282D498F006E242B /* SommeApp.swift */; };
		7ABDEE84282D498F006E242B /* ContentView.swift in Sources */ = {isa = PBXBuildFile; fileRef = 7ABDEE83282D498F006E242B /* ContentView.swift */; };
		7ABDEE86282D4993006E242B /* Assets.xcassets in Resources */ = {isa = PBXBuildFile; fileRef = 7ABDEE85282D4993006E242B /* Assets.xcassets */; };
		7ABDEE89282D4993006E242B /* Preview Assets.xcassets in Resources */ = {isa = PBXBuildFile; fileRef = 7ABDEE88282D4993006E242B /* Preview Assets.xcassets */; };
		7ABDEE93282D4993006E242B /* SommeTests.swift in Sources */ = {isa = PBXBuildFile; fileRef = 7ABDEE92282D4993006E242B /* SommeTests.swift */; };
		7ABDEE9D282D4993006E242B /* SommeUITests.swift in Sources */ = {isa = PBXBuildFile; fileRef = 7ABDEE9C282D4993006E242B /* SommeUITests.swift */; };
		7ABDEE9F282D4993006E242B /* SommeUITestsLaunchTests.swift in Sources */ = {isa = PBXBuildFile; fileRef = 7ABDEE9E282D4993006E242B /* SommeUITestsLaunchTests.swift */; };
/* End PBXBuildFile section */

/* Begin PBXContainerItemProxy section */
		7ABDEE8F282D4993006E242B /* PBXContainerItemProxy */ = {
			isa = PBXContainerItemProxy;
			containerPortal = 7ABDEE76282D498F006E242B /* Project object */;
			proxyType = 1;
			remoteGlobalIDString = 7ABDEE7D282D498F006E242B;
			remoteInfo = Somme;
		};
		7ABDEE99282D4993006E242B /* PBXContainerItemProxy */ = {
			isa = PBXContainerItemProxy;
			containerPortal = 7ABDEE76282D498F006E242B /* Project object */;
			proxyType = 1;
			remoteGlobalIDString = 7ABDEE7D282D498F006E242B;
			remoteInfo = Somme;
		};
/* End PBXContainerItemProxy section */

/* Begin PBXFileReference section */
		7ABDEE7E282D498F006E242B /* Somme.app */ = {isa = PBXFileReference; explicitFileType = wrapper.application; includeInIndex = 0; path = Somme.app; sourceTree = BUILT_PRODUCTS_DIR; };
		7ABDEE81282D498F006E242B /* SommeApp.swift */ = {isa = PBXFileReference; lastKnownFileType = sourcecode.swift; path = SommeApp.swift; sourceTree = "<group>"; };
		7ABDEE83282D498F006E242B /* ContentView.swift */ = {isa = PBXFileReference; lastKnownFileType = sourcecode.swift; path = ContentView.swift; sourceTree = "<group>"; };
		7ABDEE85282D4993006E242B /* Assets.xcassets */ = {isa = PBXFileReference; lastKnownFileType = folder.assetcatalog; path = Assets.xcassets; sourceTree = "<group>"; };
		7ABDEE88282D4993006E242B /* Preview Assets.xcassets */ = {isa = PBXFileReference; lastKnownFileType = folder.assetcatalog; path = "Preview Assets.xcassets"; sourceTree = "<group>"; };
		7ABDEE8E282D4993006E242B /* SommeTests.xctest */ = {isa = PBXFileReference; explicitFileType = wrapper.cfbundle; includeInIndex = 0; path = SommeTests.xctest; sourceTree = BUILT_PRODUCTS_DIR; };
		7ABDEE92282D4993006E242B /* SommeTests.swift */ = {isa = PBXFileReference; lastKnownFileType = sourcecode.swift; path = SommeTests.swift; sourceTree = "<group>"; };
		7ABDEE98282D4993006E242B /* SommeUITests.xctest */ = {isa = PBXFileReference; explicitFileType = wrapper.cfbundle; includeInIndex = 0; path = SommeUITests.xctest; sourceTree = BUILT_PRODUCTS_DIR; };
		7ABDEE9C282D4993006E242B /* SommeUITests.swift */ = {isa = PBXFileReference; lastKnownFileType = sourcecode.swift; path = SommeUITests.swift; sourceTree = "<group>"; };
		7ABDEE9E282D4993006E242B /* SommeUITestsLaunchTests.swift */ = {isa = PBXFileReference; lastKnownFileType = sourcecode.swift; path = SommeUITestsLaunchTests.swift; sourceTree = "<group>"; };
/* End PBXFileReference section */

/* Begin PBXFrameworksBuildPhase section */
		7ABDEE7B282D498F006E242B /* Frameworks */ = {
			isa = PBXFrameworksBuildPhase;
			buildActionMask = 2147483647;
			files = (
			);
			runOnlyForDeploymentPostprocessing = 0;
		};
		7ABDEE8B282D4993006E242B /* Frameworks */ = {
			isa = PBXFrameworksBuildPhase;
			buildActionMask = 2147483647;
			files = (
			);
			runOnlyForDeploymentPostprocessing = 0;
		};
		7ABDEE95282D4993006E242B /* Frameworks */ = {
			isa = PBXFrameworksBuildPhase;
			buildActionMask = 2147483647;
			files = (
			);
			runOnlyForDeploymentPostprocessing = 0;
		};
/* End PBXFrameworksBuildPhase section */

/* Begin PBXGroup section */
		7ABDEE75282D498F006E242B = {
			isa = PBXGroup;
			children = (
				7ABDEE80282D498F006E242B /* Somme */,
				7ABDEE91282D4993006E242B /* SommeTests */,
				7ABDEE9B282D4993006E242B /* SommeUITests */,
				7ABDEE7F282D498F006E242B /* Products */,
			);
			sourceTree = "<group>";
		};
		7ABDEE7F282D498F006E242B /* Products */ = {
			isa = PBXGroup;
			children = (
				7ABDEE7E282D498F006E242B /* Somme.app */,
				7ABDEE8E282D4993006E242B /* SommeTests.xctest */,
				7ABDEE98282D4993006E242B /* SommeUITests.xctest */,
			);
			name = Products;
			sourceTree = "<group>";
		};
		7ABDEE80282D498F006E242B /* Somme */ = {
			isa = PBXGroup;
			children = (
				7ABDEE81282D498F006E242B /* SommeApp.swift */,
				7ABDEE83282D498F006E242B /* ContentView.swift */,
				7ABDEE85282D4993006E242B /* Assets.xcassets */,
				7ABDEE87282D4993006E242B /* Preview Content */,
			);
			path = Somme;
			sourceTree = "<group>";
		};
		7ABDEE87282D4993006E242B /* Preview Content */ = {
			isa = PBXGroup;
			children = (
				7ABDEE88282D4993006E242B /* Preview Assets.xcassets */,
			);
			path = "Preview Content";
			sourceTree = "<group>";
		};
		7ABDEE91282D4993006E242B /* SommeTests */ = {
			isa = PBXGroup;
			children = (
				7ABDEE92282D4993006E242B /* SommeTests.swift */,
			);
			path = SommeTests;
			sourceTree = "<group>";
		};
		7ABDEE9B282D4993006E242B /* SommeUITests */ = {
			isa = PBXGroup;
			children = (
				7ABDEE9C282D4993006E242B /* SommeUITests.swift */,
				7ABDEE9E282D4993006E242B /* SommeUITestsLaunchTests.swift */,
			);
			path = SommeUITests;
			sourceTree = "<group>";
		};
/* End PBXGroup section */

/* Begin PBXNativeTarget section */
		7ABDEE7D282D498F006E242B /* Somme */ = {
			isa = PBXNativeTarget;
			buildConfigurationList = 7ABDEEA2282D4993006E242B /* Build configuration list for PBXNativeTarget "Somme" */;
			buildPhases = (
				7ABDEE7A282D498F006E242B /* Sources */,
				7ABDEE7B282D498F006E242B /* Frameworks */,
				7ABDEE7C282D498F006E242B /* Resources */,
			);
			buildRules = (
			);
			dependencies = (
			);
			name = Somme;
			productName = Somme;
			productReference = 7ABDEE7E282D498F006E242B /* Somme.app */;
			productType = "com.apple.product-type.application";
		};
		7ABDEE8D282D4993006E242B /* SommeTests */ = {
			isa = PBXNativeTarget;
			buildConfigurationList = 7ABDEEA5282D4993006E242B /* Build configuration list for PBXNativeTarget "SommeTests" */;
			buildPhases = (
				7ABDEE8A282D4993006E242B /* Sources */,
				7ABDEE8B282D4993006E242B /* Frameworks */,
				7ABDEE8C282D4993006E242B /* Resources */,
			);
			buildRules = (
			);
			dependencies = (
				7ABDEE90282D4993006E242B /* PBXTargetDependency */,
			);
			name = SommeTests;
			productName = SommeTests;
			productReference = 7ABDEE8E282D4993006E242B /* SommeTests.xctest */;
			productType = "com.apple.product-type.bundle.unit-test";
		};
		7ABDEE97282D4993006E242B /* SommeUITests */ = {
			isa = PBXNativeTarget;
			buildConfigurationList = 7ABDEEA8282D4993006E242B /* Build configuration list for PBXNativeTarget "SommeUITests" */;
			buildPhases = (
				7ABDEE94282D4993006E242B /* Sources */,
				7ABDEE95282D4993006E242B /* Frameworks */,
				7ABDEE96282D4993006E242B /* Resources */,
			);
			buildRules = (
			);
			dependencies = (
				7ABDEE9A282D4993006E242B /* PBXTargetDependency */,
			);
			name = SommeUITests;
			productName = SommeUITests;
			productReference = 7ABDEE98282D4993006E242B /* SommeUITests.xctest */;
			productType = "com.apple.product-type.bundle.ui-testing";
		};
/* End PBXNativeTarget section */

/* Begin PBXProject section */
		7ABDEE76282D498F006E242B /* Project object */ = {
			isa = PBXProject;
			attributes = {
				BuildIndependentTargetsInParallel = 1;
				LastSwiftUpdateCheck = 1330;
				LastUpgradeCheck = 1330;
				TargetAttributes = {
					7ABDEE7D282D498F006E242B = {
						CreatedOnToolsVersion = 13.3.1;
					};
					7ABDEE8D282D4993006E242B = {
						CreatedOnToolsVersion = 13.3.1;
						TestTargetID = 7ABDEE7D282D498F006E242B;
					};
					7ABDEE97282D4993006E242B = {
						CreatedOnToolsVersion = 13.3.1;
						TestTargetID = 7ABDEE7D282D498F006E242B;
					};
				};
			};
			buildConfigurationList = 7ABDEE79282D498F006E242B /* Build configuration list for PBXProject "Somme" */;
			compatibilityVersion = "Xcode 13.0";
			developmentRegion = en;
			hasScannedForEncodings = 0;
			knownRegions = (
				en,
				Base,
			);
			mainGroup = 7ABDEE75282D498F006E242B;
			productRefGroup = 7ABDEE7F282D498F006E242B /* Products */;
			projectDirPath = "";
			projectRoot = "";
			targets = (
				7ABDEE7D282D498F006E242B /* Somme */,
				7ABDEE8D282D4993006E242B /* SommeTests */,
				7ABDEE97282D4993006E242B /* SommeUITests */,
			);
		};
/* End PBXProject section */

/* Begin PBXResourcesBuildPhase section */
		7ABDEE7C282D498F006E242B /* Resources */ = {
			isa = PBXResourcesBuildPhase;
			buildActionMask = 2147483647;
			files = (
				7ABDEE89282D4993006E242B /* Preview Assets.xcassets in Resources */,
				7ABDEE86282D4993006E242B /* Assets.xcassets in Resources */,
			);
			runOnlyForDeploymentPostprocessing = 0;
		};
		7ABDEE8C282D4993006E242B /* Resources */ = {
			isa = PBXResourcesBuildPhase;
			buildActionMask = 2147483647;
			files = (
			);
			runOnlyForDeploymentPostprocessing = 0;
		};
		7ABDEE96282D4993006E242B /* Resources */ = {
			isa = PBXResourcesBuildPhase;
			buildActionMask = 2147483647;
			files = (
			);
			runOnlyForDeploymentPostprocessing = 0;
		};
/* End PBXResourcesBuildPhase section */

/* Begin PBXSourcesBuildPhase section */
		7ABDEE7A282D498F006E242B /* Sources */ = {
			isa = PBXSourcesBuildPhase;
			buildActionMask = 2147483647;
			files = (
				7ABDEE84282D498F006E242B /* ContentView.swift in Sources */,
				7ABDEE82282D498F006E242B /* SommeApp.swift in Sources */,
			);
			runOnlyForDeploymentPostprocessing = 0;
		};
		7ABDEE8A282D4993006E242B /* Sources */ = {
			isa = PBXSourcesBuildPhase;
			buildActionMask = 2147483647;
			files = (
				7ABDEE93282D4993006E242B /* SommeTests.swift in Sources */,
			);
			runOnlyForDeploymentPostprocessing = 0;
		};
		7ABDEE94282D4993006E242B /* Sources */ = {
			isa = PBXSourcesBuildPhase;
			buildActionMask = 2147483647;
			files = (
				7ABDEE9F282D4993006E242B /* SommeUITestsLaunchTests.swift in Sources */,
				7ABDEE9D282D4993006E242B /* SommeUITests.swift in Sources */,
			);
			runOnlyForDeploymentPostprocessing = 0;
		};
/* End PBXSourcesBuildPhase section */

/* Begin PBXTargetDependency section */
		7ABDEE90282D4993006E242B /* PBXTargetDependency */ = {
			isa = PBXTargetDependency;
			target = 7ABDEE7D282D498F006E242B /* Somme */;
			targetProxy = 7ABDEE8F282D4993006E242B /* PBXContainerItemProxy */;
		};
		7ABDEE9A282D4993006E242B /* PBXTargetDependency */ = {
			isa = PBXTargetDependency;
			target = 7ABDEE7D282D498F006E242B /* Somme */;
			targetProxy = 7ABDEE99282D4993006E242B /* PBXContainerItemProxy */;
		};
/* End PBXTargetDependency section */

/* Begin XCBuildConfiguration section */
		7ABDEEA0282D4993006E242B /* Debug */ = {
			isa = XCBuildConfiguration;
			buildSettings = {
				ALWAYS_SEARCH_USER_PATHS = NO;
				CLANG_ANALYZER_NONNULL = YES;
				CLANG_ANALYZER_NUMBER_OBJECT_CONVERSION = YES_AGGRESSIVE;
				CLANG_CXX_LANGUAGE_STANDARD = "gnu++17";
				CLANG_ENABLE_MODULES = YES;
				CLANG_ENABLE_OBJC_ARC = YES;
				CLANG_ENABLE_OBJC_WEAK = YES;
				CLANG_WARN_BLOCK_CAPTURE_AUTORELEASING = YES;
				CLANG_WARN_BOOL_CONVERSION = YES;
				CLANG_WARN_COMMA = YES;
				CLANG_WARN_CONSTANT_CONVERSION = YES;
				CLANG_WARN_DEPRECATED_OBJC_IMPLEMENTATIONS = YES;
				CLANG_WARN_DIRECT_OBJC_ISA_USAGE = YES_ERROR;
				CLANG_WARN_DOCUMENTATION_COMMENTS = YES;
				CLANG_WARN_EMPTY_BODY = YES;
				CLANG_WARN_ENUM_CONVERSION = YES;
				CLANG_WARN_INFINITE_RECURSION = YES;
				CLANG_WARN_INT_CONVERSION = YES;
				CLANG_WARN_NON_LITERAL_NULL_CONVERSION = YES;
				CLANG_WARN_OBJC_IMPLICIT_RETAIN_SELF = YES;
				CLANG_WARN_OBJC_LITERAL_CONVERSION = YES;
				CLANG_WARN_OBJC_ROOT_CLASS = YES_ERROR;
				CLANG_WARN_QUOTED_INCLUDE_IN_FRAMEWORK_HEADER = YES;
				CLANG_WARN_RANGE_LOOP_ANALYSIS = YES;
				CLANG_WARN_STRICT_PROTOTYPES = YES;
				CLANG_WARN_SUSPICIOUS_MOVE = YES;
				CLANG_WARN_UNGUARDED_AVAILABILITY = YES_AGGRESSIVE;
				CLANG_WARN_UNREACHABLE_CODE = YES;
				CLANG_WARN__DUPLICATE_METHOD_MATCH = YES;
				COPY_PHASE_STRIP = NO;
				DEBUG_INFORMATION_FORMAT = dwarf;
				ENABLE_STRICT_OBJC_MSGSEND = YES;
				ENABLE_TESTABILITY = YES;
				GCC_C_LANGUAGE_STANDARD = gnu11;
				GCC_DYNAMIC_NO_PIC = NO;
				GCC_NO_COMMON_BLOCKS = YES;
				GCC_OPTIMIZATION_LEVEL = 0;
				GCC_PREPROCESSOR_DEFINITIONS = (
					"DEBUG=1",
					"$(inherited)",
				);
				GCC_WARN_64_TO_32_BIT_CONVERSION = YES;
				GCC_WARN_ABOUT_RETURN_TYPE = YES_ERROR;
				GCC_WARN_UNDECLARED_SELECTOR = YES;
				GCC_WARN_UNINITIALIZED_AUTOS = YES_AGGRESSIVE;
				GCC_WARN_UNUSED_FUNCTION = YES;
				GCC_WARN_UNUSED_VARIABLE = YES;
				IPHONEOS_DEPLOYMENT_TARGET = 15.4;
				MTL_ENABLE_DEBUG_INFO = INCLUDE_SOURCE;
				MTL_FAST_MATH = YES;
				ONLY_ACTIVE_ARCH = YES;
				SDKROOT = iphoneos;
				SWIFT_ACTIVE_COMPILATION_CONDITIONS = DEBUG;
				SWIFT_OPTIMIZATION_LEVEL = "-Onone";
			};
			name = Debug;
		};
		7ABDEEA1282D4993006E242B /* Release */ = {
			isa = XCBuildConfiguration;
			buildSettings = {
				ALWAYS_SEARCH_USER_PATHS = NO;
				CLANG_ANALYZER_NONNULL = YES;
				CLANG_ANALYZER_NUMBER_OBJECT_CONVERSION = YES_AGGRESSIVE;
				CLANG_CXX_LANGUAGE_STANDARD = "gnu++17";
				CLANG_ENABLE_MODULES = YES;
				CLANG_ENABLE_OBJC_ARC = YES;
				CLANG_ENABLE_OBJC_WEAK = YES;
				CLANG_WARN_BLOCK_CAPTURE_AUTORELEASING = YES;
				CLANG_WARN_BOOL_CONVERSION = YES;
				CLANG_WARN_COMMA = YES;
				CLANG_WARN_CONSTANT_CONVERSION = YES;
				CLANG_WARN_DEPRECATED_OBJC_IMPLEMENTATIONS = YES;
				CLANG_WARN_DIRECT_OBJC_ISA_USAGE = YES_ERROR;
				CLANG_WARN_DOCUMENTATION_COMMENTS = YES;
				CLANG_WARN_EMPTY_BODY = YES;
				CLANG_WARN_ENUM_CONVERSION = YES;
				CLANG_WARN_INFINITE_RECURSION = YES;
				CLANG_WARN_INT_CONVERSION = YES;
				CLANG_WARN_NON_LITERAL_NULL_CONVERSION = YES;
				CLANG_WARN_OBJC_IMPLICIT_RETAIN_SELF = YES;
				CLANG_WARN_OBJC_LITERAL_CONVERSION = YES;
				CLANG_WARN_OBJC_ROOT_CLASS = YES_ERROR;
				CLANG_WARN_QUOTED_INCLUDE_IN_FRAMEWORK_HEADER = YES;
				CLANG_WARN_RANGE_LOOP_ANALYSIS = YES;
				CLANG_WARN_STRICT_PROTOTYPES = YES;
				CLANG_WARN_SUSPICIOUS_MOVE = YES;
				CLANG_WARN_UNGUARDED_AVAILABILITY = YES_AGGRESSIVE;
				CLANG_WARN_UNREACHABLE_CODE = YES;
				CLANG_WARN__DUPLICATE_METHOD_MATCH = YES;
				COPY_PHASE_STRIP = NO;
				DEBUG_INFORMATION_FORMAT = "dwarf-with-dsym";
				ENABLE_NS_ASSERTIONS = NO;
				ENABLE_STRICT_OBJC_MSGSEND = YES;
				GCC_C_LANGUAGE_STANDARD = gnu11;
				GCC_NO_COMMON_BLOCKS = YES;
				GCC_WARN_64_TO_32_BIT_CONVERSION = YES;
				GCC_WARN_ABOUT_RETURN_TYPE = YES_ERROR;
				GCC_WARN_UNDECLARED_SELECTOR = YES;
				GCC_WARN_UNINITIALIZED_AUTOS = YES_AGGRESSIVE;
				GCC_WARN_UNUSED_FUNCTION = YES;
				GCC_WARN_UNUSED_VARIABLE = YES;
				IPHONEOS_DEPLOYMENT_TARGET = 15.4;
				MTL_ENABLE_DEBUG_INFO = NO;
				MTL_FAST_MATH = YES;
				SDKROOT = iphoneos;
				SWIFT_COMPILATION_MODE = wholemodule;
				SWIFT_OPTIMIZATION_LEVEL = "-O";
				VALIDATE_PRODUCT = YES;
			};
			name = Release;
		};
		7ABDEEA3282D4993006E242B /* Debug */ = {
			isa = XCBuildConfiguration;
			buildSettings = {
				ASSETCATALOG_COMPILER_APPICON_NAME = AppIcon;
				ASSETCATALOG_COMPILER_GLOBAL_ACCENT_COLOR_NAME = AccentColor;
				CODE_SIGN_STYLE = Automatic;
				CURRENT_PROJECT_VERSION = 1;
				DEVELOPMENT_ASSET_PATHS = "\"Somme/Preview Content\"";
				ENABLE_PREVIEWS = YES;
				GENERATE_INFOPLIST_FILE = YES;
				INFOPLIST_KEY_UIApplicationSceneManifest_Generation = YES;
				INFOPLIST_KEY_UIApplicationSupportsIndirectInputEvents = YES;
				INFOPLIST_KEY_UILaunchScreen_Generation = YES;
				INFOPLIST_KEY_UISupportedInterfaceOrientations_iPad = "UIInterfaceOrientationPortrait UIInterfaceOrientationPortraitUpsideDown UIInterfaceOrientationLandscapeLeft UIInterfaceOrientationLandscapeRight";
				INFOPLIST_KEY_UISupportedInterfaceOrientations_iPhone = "UIInterfaceOrientationPortrait UIInterfaceOrientationLandscapeLeft UIInterfaceOrientationLandscapeRight";
				LD_RUNPATH_SEARCH_PATHS = (
					"$(inherited)",
					"@executable_path/Frameworks",
				);
				MARKETING_VERSION = 1.0;
				PRODUCT_BUNDLE_IDENTIFIER = com.fp.Somme;
				PRODUCT_NAME = "$(TARGET_NAME)";
				SWIFT_EMIT_LOC_STRINGS = YES;
				SWIFT_VERSION = 5.0;
				TARGETED_DEVICE_FAMILY = "1,2";
			};
			name = Debug;
		};
		7ABDEEA4282D4993006E242B /* Release */ = {
			isa = XCBuildConfiguration;
			buildSettings = {
				ASSETCATALOG_COMPILER_APPICON_NAME = AppIcon;
				ASSETCATALOG_COMPILER_GLOBAL_ACCENT_COLOR_NAME = AccentColor;
				CODE_SIGN_STYLE = Automatic;
				CURRENT_PROJECT_VERSION = 1;
				DEVELOPMENT_ASSET_PATHS = "\"Somme/Preview Content\"";
				ENABLE_PREVIEWS = YES;
				GENERATE_INFOPLIST_FILE = YES;
				INFOPLIST_KEY_UIApplicationSceneManifest_Generation = YES;
				INFOPLIST_KEY_UIApplicationSupportsIndirectInputEvents = YES;
				INFOPLIST_KEY_UILaunchScreen_Generation = YES;
				INFOPLIST_KEY_UISupportedInterfaceOrientations_iPad = "UIInterfaceOrientationPortrait UIInterfaceOrientationPortraitUpsideDown UIInterfaceOrientationLandscapeLeft UIInterfaceOrientationLandscapeRight";
				INFOPLIST_KEY_UISupportedInterfaceOrientations_iPhone = "UIInterfaceOrientationPortrait UIInterfaceOrientationLandscapeLeft UIInterfaceOrientationLandscapeRight";
				LD_RUNPATH_SEARCH_PATHS = (
					"$(inherited)",
					"@executable_path/Frameworks",
				);
				MARKETING_VERSION = 1.0;
				PRODUCT_BUNDLE_IDENTIFIER = com.fp.Somme;
				PRODUCT_NAME = "$(TARGET_NAME)";
				SWIFT_EMIT_LOC_STRINGS = YES;
				SWIFT_VERSION = 5.0;
				TARGETED_DEVICE_FAMILY = "1,2";
			};
			name = Release;
		};
		7ABDEEA6282D4993006E242B /* Debug */ = {
			isa = XCBuildConfiguration;
			buildSettings = {
				ALWAYS_EMBED_SWIFT_STANDARD_LIBRARIES = YES;
				BUNDLE_LOADER = "$(TEST_HOST)";
				CODE_SIGN_STYLE = Automatic;
				CURRENT_PROJECT_VERSION = 1;
				GENERATE_INFOPLIST_FILE = YES;
				IPHONEOS_DEPLOYMENT_TARGET = 15.4;
				MARKETING_VERSION = 1.0;
				PRODUCT_BUNDLE_IDENTIFIER = com.fp.SommeTests;
				PRODUCT_NAME = "$(TARGET_NAME)";
				SWIFT_EMIT_LOC_STRINGS = NO;
				SWIFT_VERSION = 5.0;
				TARGETED_DEVICE_FAMILY = "1,2";
				TEST_HOST = "$(BUILT_PRODUCTS_DIR)/Somme.app/Somme";
			};
			name = Debug;
		};
		7ABDEEA7282D4993006E242B /* Release */ = {
			isa = XCBuildConfiguration;
			buildSettings = {
				ALWAYS_EMBED_SWIFT_STANDARD_LIBRARIES = YES;
				BUNDLE_LOADER = "$(TEST_HOST)";
				CODE_SIGN_STYLE = Automatic;
				CURRENT_PROJECT_VERSION = 1;
				GENERATE_INFOPLIST_FILE = YES;
				IPHONEOS_DEPLOYMENT_TARGET = 15.4;
				MARKETING_VERSION = 1.0;
				PRODUCT_BUNDLE_IDENTIFIER = com.fp.SommeTests;
				PRODUCT_NAME = "$(TARGET_NAME)";
				SWIFT_EMIT_LOC_STRINGS = NO;
				SWIFT_VERSION = 5.0;
				TARGETED_DEVICE_FAMILY = "1,2";
				TEST_HOST = "$(BUILT_PRODUCTS_DIR)/Somme.app/Somme";
			};
			name = Release;
		};
		7ABDEEA9282D4993006E242B /* Debug */ = {
			isa = XCBuildConfiguration;
			buildSettings = {
				ALWAYS_EMBED_SWIFT_STANDARD_LIBRARIES = YES;
				CODE_SIGN_STYLE = Automatic;
				CURRENT_PROJECT_VERSION = 1;
				GENERATE_INFOPLIST_FILE = YES;
				MARKETING_VERSION = 1.0;
				PRODUCT_BUNDLE_IDENTIFIER = com.fp.SommeUITests;
				PRODUCT_NAME = "$(TARGET_NAME)";
				SWIFT_EMIT_LOC_STRINGS = NO;
				SWIFT_VERSION = 5.0;
				TARGETED_DEVICE_FAMILY = "1,2";
				TEST_TARGET_NAME = Somme;
			};
			name = Debug;
		};
		7ABDEEAA282D4993006E242B /* Release */ = {
			isa = XCBuildConfiguration;
			buildSettings = {
				ALWAYS_EMBED_SWIFT_STANDARD_LIBRARIES = YES;
				CODE_SIGN_STYLE = Automatic;
				CURRENT_PROJECT_VERSION = 1;
				GENERATE_INFOPLIST_FILE = YES;
				MARKETING_VERSION = 1.0;
				PRODUCT_BUNDLE_IDENTIFIER = com.fp.SommeUITests;
				PRODUCT_NAME = "$(TARGET_NAME)";
				SWIFT_EMIT_LOC_STRINGS = NO;
				SWIFT_VERSION = 5.0;
				TARGETED_DEVICE_FAMILY = "1,2";
				TEST_TARGET_NAME = Somme;
			};
			name = Release;
		};
/* End XCBuildConfiguration section */

/* Begin XCConfigurationList section */
		7ABDEE79282D498F006E242B /* Build configuration list for PBXProject "Somme" */ = {
			isa = XCConfigurationList;
			buildConfigurations = (
				7ABDEEA0282D4993006E242B /* Debug */,
				7ABDEEA1282D4993006E242B /* Release */,
			);
			defaultConfigurationIsVisible = 0;
			defaultConfigurationName = Release;
		};
		7ABDEEA2282D4993006E242B /* Build configuration list for PBXNativeTarget "Somme" */ = {
			isa = XCConfigurationList;
			buildConfigurations = (
				7ABDEEA3282D4993006E242B /* Debug */,
				7ABDEEA4282D4993006E242B /* Release */,
			);
			defaultConfigurationIsVisible = 0;
			defaultConfigurationName = Release;
		};
		7ABDEEA5282D4993006E242B /* Build configuration list for PBXNativeTarget "SommeTests" */ = {
			isa = XCConfigurationList;
			buildConfigurations = (
				7ABDEEA6282D4993006E242B /* Debug */,
				7ABDEEA7282D4993006E242B /* Release */,
			);
			defaultConfigurationIsVisible = 0;
			defaultConfigurationName = Release;
		};
		7ABDEEA8282D4993006E242B /* Build configuration list for PBXNativeTarget "SommeUITests" */ = {
			isa = XCConfigurationList;
			buildConfigurations = (
				7ABDEEA9282D4993006E242B /* Debug */,
				7ABDEEAA282D4993006E242B /* Release */,
			);
			defaultConfigurationIsVisible = 0;
			defaultConfigurationName = Release;
		};
/* End XCConfigurationList section */
	};
	rootObject = 7ABDEE76282D498F006E242B /* Project object */;
}
